PODS:
  - Nimble (9.2.0)
  - "NSObject+Rx (5.2.2)":
    - RxSwift (~> 6.2)
  - Quick (4.0.0)
  - RxSwift (6.2.0)

DEPENDENCIES:
  - Nimble
  - "NSObject+Rx (from `../`)"
  - Quick
  - RxSwift

SPEC REPOS:
  https://cdn.cocoapods.org/:
    - Nimble
    - Quick
  https://github.com/CocoaPods/Specs.git:
    - RxSwift

EXTERNAL SOURCES:
  "NSObject+Rx":
    :path: "../"

SPEC CHECKSUMS:
  Nimble: 4f4a345c80b503b3ea13606a4f98405974ee4d0b
  "NSObject+Rx": 61cf1f7306a73dcef8b36649198af0813ec18dfd
  Quick: 6473349e43b9271a8d43839d9ba1c442ed1b7ac4
  RxSwift: d356ab7bee873611322f134c5f9ef379fa183d8f

PODFILE CHECKSUM: 4f420ecd33a82075e360098bbed0ccaadfeb1728

COCOAPODS: 1.11.3
