PODS:
  - Nimble (9.0.0)
  - "NSObject+Rx (5.1.0)":
    - RxSwift (~> 6.0.0)
  - Quick (3.0.0)
  - RxSwift (6.0.0)

DEPENDENCIES:
  - Nimble
  - "NSObject+Rx (from `../`)"
  - Quick
  - RxSwift

SPEC REPOS:
  trunk:
    - Nimble
    - Quick
    - RxSwift

EXTERNAL SOURCES:
  "NSObject+Rx":
    :path: "../"

SPEC CHECKSUMS:
  Nimble: 3b4ec3fd40f1dc178058e0981107721c615643d8
  "NSObject+Rx": d6db7585604967c8b2f754373eb3273b87a40328
  Quick: 6d9559f40647bc4d510103842ef2fdd882d753e2
  RxSwift: c14e798c59b9f6e9a2df8fd235602e85cc044295

PODFILE CHECKSUM: 4f420ecd33a82075e360098bbed0ccaadfeb1728

COCOAPODS: 1.9.1
